// !$*UTF8*$!
{
	archiveVersion = 1;
	classes = {
	};
	objectVersion = 55;
	objects = {

/* Begin PBXBuildFile section */
		01BE5AAF2839758B0086E9EF /* AppDelegate.swift in Sources */ = {isa = PBXBuildFile; fileRef = 01BE5AAE2839758B0086E9EF /* AppDelegate.swift */; };
		01BE5AB12839758B0086E9EF /* SceneDelegate.swift in Sources */ = {isa = PBXBuildFile; fileRef = 01BE5AB02839758B0086E9EF /* SceneDelegate.swift */; };
		01BE5AB32839758B0086E9EF /* ViewController.swift in Sources */ = {isa = PBXBuildFile; fileRef = 01BE5AB22839758B0086E9EF /* ViewController.swift */; };
		01BE5AB62839758B0086E9EF /* Main.storyboard in Resources */ = {isa = PBXBuildFile; fileRef = 01BE5AB42839758B0086E9EF /* Main.storyboard */; };
		01BE5AB82839758B0086E9EF /* Assets.xcassets in Resources */ = {isa = PBXBuildFile; fileRef = 01BE5AB72839758B0086E9EF /* Assets.xcassets */; };
		01BE5ABB2839758B0086E9EF /* LaunchScreen.storyboard in Resources */ = {isa = PBXBuildFile; fileRef = 01BE5AB92839758B0086E9EF /* LaunchScreen.storyboard */; };
		01BE5AC6283975D00086E9EF /* RHVoice.xcframework in Frameworks */ = {isa = PBXBuildFile; fileRef = 01BE5AC5283975D00086E9EF /* RHVoice.xcframework */; };
		01BE5AC8283975F10086E9EF /* RHVoiceData in Resources */ = {isa = PBXBuildFile; fileRef = 01BE5AC7283975F10086E9EF /* RHVoiceData */; };
/* End PBXBuildFile section */

/* Begin PBXFileReference section */
		01BE5AAB2839758B0086E9EF /* iOSSample.app */ = {isa = PBXFileReference; explicitFileType = wrapper.application; includeInIndex = 0; path = iOSSample.app; sourceTree = BUILT_PRODUCTS_DIR; };
		01BE5AAE2839758B0086E9EF /* AppDelegate.swift */ = {isa = PBXFileReference; lastKnownFileType = sourcecode.swift; path = AppDelegate.swift; sourceTree = "<group>"; };
		01BE5AB02839758B0086E9EF /* SceneDelegate.swift */ = {isa = PBXFileReference; lastKnownFileType = sourcecode.swift; path = SceneDelegate.swift; sourceTree = "<group>"; };
		01BE5AB22839758B0086E9EF /* ViewController.swift */ = {isa = PBXFileReference; lastKnownFileType = sourcecode.swift; path = ViewController.swift; sourceTree = "<group>"; };
		01BE5AB52839758B0086E9EF /* Base */ = {isa = PBXFileReference; lastKnownFileType = file.storyboard; name = Base; path = Base.lproj/Main.storyboard; sourceTree = "<group>"; };
		01BE5AB72839758B0086E9EF /* Assets.xcassets */ = {isa = PBXFileReference; lastKnownFileType = folder.assetcatalog; path = Assets.xcassets; sourceTree = "<group>"; };
		01BE5ABA2839758B0086E9EF /* Base */ = {isa = PBXFileReference; lastKnownFileType = file.storyboard; name = Base; path = Base.lproj/LaunchScreen.storyboard; sourceTree = "<group>"; };
		01BE5ABC2839758B0086E9EF /* Info.plist */ = {isa = PBXFileReference; lastKnownFileType = text.plist.xml; path = Info.plist; sourceTree = "<group>"; };
		01BE5AC5283975D00086E9EF /* RHVoice.xcframework */ = {isa = PBXFileReference; lastKnownFileType = wrapper.xcframework; name = RHVoice.xcframework; path = ../../../RHVoice/build_output/RHVoice.xcframework; sourceTree = "<group>"; };
		01BE5AC7283975F10086E9EF /* RHVoiceData */ = {isa = PBXFileReference; lastKnownFileType = folder; name = RHVoiceData; path = ../../../RHVoice/build_output/RHVoiceData; sourceTree = "<group>"; };
/* End PBXFileReference section */

/* Begin PBXFrameworksBuildPhase section */
		01BE5AA82839758B0086E9EF /* Frameworks */ = {
			isa = PBXFrameworksBuildPhase;
			buildActionMask = 2147483647;
			files = (
				01BE5AC6283975D00086E9EF /* RHVoice.xcframework in Frameworks */,
			);
			runOnlyForDeploymentPostprocessing = 0;
		};
/* End PBXFrameworksBuildPhase section */

/* Begin PBXGroup section */
		01BE5AA22839758B0086E9EF = {
			isa = PBXGroup;
			children = (
				01BE5AC4283975B80086E9EF /* RHVoice */,
				01BE5AAD2839758B0086E9EF /* iOSSample */,
				01BE5AAC2839758B0086E9EF /* Products */,
			);
			sourceTree = "<group>";
		};
		01BE5AAC2839758B0086E9EF /* Products */ = {
			isa = PBXGroup;
			children = (
				01BE5AAB2839758B0086E9EF /* iOSSample.app */,
			);
			name = Products;
			sourceTree = "<group>";
		};
		01BE5AAD2839758B0086E9EF /* iOSSample */ = {
			isa = PBXGroup;
			children = (
				01BE5AAE2839758B0086E9EF /* AppDelegate.swift */,
				01BE5AB02839758B0086E9EF /* SceneDelegate.swift */,
				01BE5AB22839758B0086E9EF /* ViewController.swift */,
				01BE5AB42839758B0086E9EF /* Main.storyboard */,
				01BE5AB72839758B0086E9EF /* Assets.xcassets */,
				01BE5AB92839758B0086E9EF /* LaunchScreen.storyboard */,
				01BE5ABC2839758B0086E9EF /* Info.plist */,
			);
			path = iOSSample;
			sourceTree = "<group>";
		};
		01BE5AC4283975B80086E9EF /* RHVoice */ = {
			isa = PBXGroup;
			children = (
				01BE5AC7283975F10086E9EF /* RHVoiceData */,
				01BE5AC5283975D00086E9EF /* RHVoice.xcframework */,
			);
			name = RHVoice;
			sourceTree = "<group>";
		};
/* End PBXGroup section */

/* Begin PBXNativeTarget section */
		01BE5AAA2839758B0086E9EF /* iOSSample */ = {
			isa = PBXNativeTarget;
			buildConfigurationList = 01BE5ABF2839758B0086E9EF /* Build configuration list for PBXNativeTarget "iOSSample" */;
			buildPhases = (
				01BE5AA72839758B0086E9EF /* Sources */,
				01BE5AA82839758B0086E9EF /* Frameworks */,
				01BE5AA92839758B0086E9EF /* Resources */,
			);
			buildRules = (
			);
			dependencies = (
			);
			name = iOSSample;
			productName = iOSSample;
			productReference = 01BE5AAB2839758B0086E9EF /* iOSSample.app */;
			productType = "com.apple.product-type.application";
		};
/* End PBXNativeTarget section */

/* Begin PBXProject section */
		01BE5AA32839758B0086E9EF /* Project object */ = {
			isa = PBXProject;
			attributes = {
				BuildIndependentTargetsInParallel = 1;
				LastSwiftUpdateCheck = 1330;
				LastUpgradeCheck = 1330;
				TargetAttributes = {
					01BE5AAA2839758B0086E9EF = {
						CreatedOnToolsVersion = 13.3;
					};
				};
			};
			buildConfigurationList = 01BE5AA62839758B0086E9EF /* Build configuration list for PBXProject "iOSSample" */;
			compatibilityVersion = "Xcode 13.0";
			developmentRegion = en;
			hasScannedForEncodings = 0;
			knownRegions = (
				en,
				Base,
			);
			mainGroup = 01BE5AA22839758B0086E9EF;
			productRefGroup = 01BE5AAC2839758B0086E9EF /* Products */;
			projectDirPath = "";
			projectRoot = "";
			targets = (
				01BE5AAA2839758B0086E9EF /* iOSSample */,
			);
		};
/* End PBXProject section */

/* Begin PBXResourcesBuildPhase section */
		01BE5AA92839758B0086E9EF /* Resources */ = {
			isa = PBXResourcesBuildPhase;
			buildActionMask = 2147483647;
			files = (
				01BE5ABB2839758B0086E9EF /* LaunchScreen.storyboard in Resources */,
				01BE5AC8283975F10086E9EF /* RHVoiceData in Resources */,
				01BE5AB82839758B0086E9EF /* Assets.xcassets in Resources */,
				01BE5AB62839758B0086E9EF /* Main.storyboard in Resources */,
			);
			runOnlyForDeploymentPostprocessing = 0;
		};
/* End PBXResourcesBuildPhase section */

/* Begin PBXSourcesBuildPhase section */
		01BE5AA72839758B0086E9EF /* Sources */ = {
			isa = PBXSourcesBuildPhase;
			buildActionMask = 2147483647;
			files = (
				01BE5AB32839758B0086E9EF /* ViewController.swift in Sources */,
				01BE5AAF2839758B0086E9EF /* AppDelegate.swift in Sources */,
				01BE5AB12839758B0086E9EF /* SceneDelegate.swift in Sources */,
			);
			runOnlyForDeploymentPostprocessing = 0;
		};
/* End PBXSourcesBuildPhase section */

/* Begin PBXVariantGroup section */
		01BE5AB42839758B0086E9EF /* Main.storyboard */ = {
			isa = PBXVariantGroup;
			children = (
				01BE5AB52839758B0086E9EF /* Base */,
			);
			name = Main.storyboard;
			sourceTree = "<group>";
		};
		01BE5AB92839758B0086E9EF /* LaunchScreen.storyboard */ = {
			isa = PBXVariantGroup;
			children = (
				01BE5ABA2839758B0086E9EF /* Base */,
			);
			name = LaunchScreen.storyboard;
			sourceTree = "<group>";
		};
/* End PBXVariantGroup section */

/* Begin XCBuildConfiguration section */
		01BE5ABD2839758B0086E9EF /* Debug */ = {
			isa = XCBuildConfiguration;
			buildSettings = {
				ALWAYS_SEARCH_USER_PATHS = NO;
				CLANG_ANALYZER_NONNULL = YES;
				CLANG_ANALYZER_NUMBER_OBJECT_CONVERSION = YES_AGGRESSIVE;
				CLANG_CXX_LANGUAGE_STANDARD = "gnu++17";
				CLANG_ENABLE_MODULES = YES;
				CLANG_ENABLE_OBJC_ARC = YES;
				CLANG_ENABLE_OBJC_WEAK = YES;
				CLANG_WARN_BLOCK_CAPTURE_AUTORELEASING = YES;
				CLANG_WARN_BOOL_CONVERSION = YES;
				CLANG_WARN_COMMA = YES;
				CLANG_WARN_CONSTANT_CONVERSION = YES;
				CLANG_WARN_DEPRECATED_OBJC_IMPLEMENTATIONS = YES;
				CLANG_WARN_DIRECT_OBJC_ISA_USAGE = YES_ERROR;
				CLANG_WARN_DOCUMENTATION_COMMENTS = YES;
				CLANG_WARN_EMPTY_BODY = YES;
				CLANG_WARN_ENUM_CONVERSION = YES;
				CLANG_WARN_INFINITE_RECURSION = YES;
				CLANG_WARN_INT_CONVERSION = YES;
				CLANG_WARN_NON_LITERAL_NULL_CONVERSION = YES;
				CLANG_WARN_OBJC_IMPLICIT_RETAIN_SELF = YES;
				CLANG_WARN_OBJC_LITERAL_CONVERSION = YES;
				CLANG_WARN_OBJC_ROOT_CLASS = YES_ERROR;
				CLANG_WARN_QUOTED_INCLUDE_IN_FRAMEWORK_HEADER = YES;
				CLANG_WARN_RANGE_LOOP_ANALYSIS = YES;
				CLANG_WARN_STRICT_PROTOTYPES = YES;
				CLANG_WARN_SUSPICIOUS_MOVE = YES;
				CLANG_WARN_UNGUARDED_AVAILABILITY = YES_AGGRESSIVE;
				CLANG_WARN_UNREACHABLE_CODE = YES;
				CLANG_WARN__DUPLICATE_METHOD_MATCH = YES;
				COPY_PHASE_STRIP = NO;
				DEBUG_INFORMATION_FORMAT = dwarf;
				ENABLE_STRICT_OBJC_MSGSEND = YES;
				ENABLE_TESTABILITY = YES;
				GCC_C_LANGUAGE_STANDARD = gnu11;
				GCC_DYNAMIC_NO_PIC = NO;
				GCC_NO_COMMON_BLOCKS = YES;
				GCC_OPTIMIZATION_LEVEL = 0;
				GCC_PREPROCESSOR_DEFINITIONS = (
					"DEBUG=1",
					"$(inherited)",
				);
				GCC_WARN_64_TO_32_BIT_CONVERSION = YES;
				GCC_WARN_ABOUT_RETURN_TYPE = YES_ERROR;
				GCC_WARN_UNDECLARED_SELECTOR = YES;
				GCC_WARN_UNINITIALIZED_AUTOS = YES_AGGRESSIVE;
				GCC_WARN_UNUSED_FUNCTION = YES;
				GCC_WARN_UNUSED_VARIABLE = YES;
				IPHONEOS_DEPLOYMENT_TARGET = 13.0;
				MTL_ENABLE_DEBUG_INFO = INCLUDE_SOURCE;
				MTL_FAST_MATH = YES;
				ONLY_ACTIVE_ARCH = YES;
				SDKROOT = iphoneos;
				SWIFT_ACTIVE_COMPILATION_CONDITIONS = DEBUG;
				SWIFT_OPTIMIZATION_LEVEL = "-Onone";
			};
			name = Debug;
		};
		01BE5ABE2839758B0086E9EF /* Release */ = {
			isa = XCBuildConfiguration;
			buildSettings = {
				ALWAYS_SEARCH_USER_PATHS = NO;
				CLANG_ANALYZER_NONNULL = YES;
				CLANG_ANALYZER_NUMBER_OBJECT_CONVERSION = YES_AGGRESSIVE;
				CLANG_CXX_LANGUAGE_STANDARD = "gnu++17";
				CLANG_ENABLE_MODULES = YES;
				CLANG_ENABLE_OBJC_ARC = YES;
				CLANG_ENABLE_OBJC_WEAK = YES;
				CLANG_WARN_BLOCK_CAPTURE_AUTORELEASING = YES;
				CLANG_WARN_BOOL_CONVERSION = YES;
				CLANG_WARN_COMMA = YES;
				CLANG_WARN_CONSTANT_CONVERSION = YES;
				CLANG_WARN_DEPRECATED_OBJC_IMPLEMENTATIONS = YES;
				CLANG_WARN_DIRECT_OBJC_ISA_USAGE = YES_ERROR;
				CLANG_WARN_DOCUMENTATION_COMMENTS = YES;
				CLANG_WARN_EMPTY_BODY = YES;
				CLANG_WARN_ENUM_CONVERSION = YES;
				CLANG_WARN_INFINITE_RECURSION = YES;
				CLANG_WARN_INT_CONVERSION = YES;
				CLANG_WARN_NON_LITERAL_NULL_CONVERSION = YES;
				CLANG_WARN_OBJC_IMPLICIT_RETAIN_SELF = YES;
				CLANG_WARN_OBJC_LITERAL_CONVERSION = YES;
				CLANG_WARN_OBJC_ROOT_CLASS = YES_ERROR;
				CLANG_WARN_QUOTED_INCLUDE_IN_FRAMEWORK_HEADER = YES;
				CLANG_WARN_RANGE_LOOP_ANALYSIS = YES;
				CLANG_WARN_STRICT_PROTOTYPES = YES;
				CLANG_WARN_SUSPICIOUS_MOVE = YES;
				CLANG_WARN_UNGUARDED_AVAILABILITY = YES_AGGRESSIVE;
				CLANG_WARN_UNREACHABLE_CODE = YES;
				CLANG_WARN__DUPLICATE_METHOD_MATCH = YES;
				COPY_PHASE_STRIP = NO;
				DEBUG_INFORMATION_FORMAT = "dwarf-with-dsym";
				ENABLE_NS_ASSERTIONS = NO;
				ENABLE_STRICT_OBJC_MSGSEND = YES;
				GCC_C_LANGUAGE_STANDARD = gnu11;
				GCC_NO_COMMON_BLOCKS = YES;
				GCC_WARN_64_TO_32_BIT_CONVERSION = YES;
				GCC_WARN_ABOUT_RETURN_TYPE = YES_ERROR;
				GCC_WARN_UNDECLARED_SELECTOR = YES;
				GCC_WARN_UNINITIALIZED_AUTOS = YES_AGGRESSIVE;
				GCC_WARN_UNUSED_FUNCTION = YES;
				GCC_WARN_UNUSED_VARIABLE = YES;
				IPHONEOS_DEPLOYMENT_TARGET = 13.0;
				MTL_ENABLE_DEBUG_INFO = NO;
				MTL_FAST_MATH = YES;
				SDKROOT = iphoneos;
				SWIFT_COMPILATION_MODE = wholemodule;
				SWIFT_OPTIMIZATION_LEVEL = "-O";
				VALIDATE_PRODUCT = YES;
			};
			name = Release;
		};
		01BE5AC02839758B0086E9EF /* Debug */ = {
			isa = XCBuildConfiguration;
			buildSettings = {
				ASSETCATALOG_COMPILER_APPICON_NAME = AppIcon;
				ASSETCATALOG_COMPILER_GLOBAL_ACCENT_COLOR_NAME = AccentColor;
				CODE_SIGN_IDENTITY = "Apple Development";
				CODE_SIGN_STYLE = Automatic;
				CURRENT_PROJECT_VERSION = 1;
				DEVELOPMENT_TEAM = "";
				GENERATE_INFOPLIST_FILE = YES;
				INFOPLIST_FILE = iOSSample/Info.plist;
				INFOPLIST_KEY_UIApplicationSupportsIndirectInputEvents = YES;
				INFOPLIST_KEY_UILaunchStoryboardName = LaunchScreen;
				INFOPLIST_KEY_UIMainStoryboardFile = Main;
				INFOPLIST_KEY_UISupportedInterfaceOrientations_iPad = "UIInterfaceOrientationPortrait UIInterfaceOrientationPortraitUpsideDown UIInterfaceOrientationLandscapeLeft UIInterfaceOrientationLandscapeRight";
				INFOPLIST_KEY_UISupportedInterfaceOrientations_iPhone = "UIInterfaceOrientationPortrait UIInterfaceOrientationLandscapeLeft UIInterfaceOrientationLandscapeRight";
				IPHONEOS_DEPLOYMENT_TARGET = 13.0;
				LD_RUNPATH_SEARCH_PATHS = (
					"$(inherited)",
					"@executable_path/Frameworks",
				);
				MARKETING_VERSION = 1.0;
				PRODUCT_BUNDLE_IDENTIFIER = com.github.RHVoice.iOSSample;
				PRODUCT_NAME = "$(TARGET_NAME)";
				PROVISIONING_PROFILE_SPECIFIER = "";
				SWIFT_EMIT_LOC_STRINGS = YES;
				SWIFT_VERSION = 5.0;
				TARGETED_DEVICE_FAMILY = "1,2";
			};
			name = Debug;
		};
		01BE5AC12839758B0086E9EF /* Release */ = {
			isa = XCBuildConfiguration;
			buildSettings = {
				ASSETCATALOG_COMPILER_APPICON_NAME = AppIcon;
				ASSETCATALOG_COMPILER_GLOBAL_ACCENT_COLOR_NAME = AccentColor;
				CODE_SIGN_IDENTITY = "Apple Development";
				CODE_SIGN_STYLE = Automatic;
				CURRENT_PROJECT_VERSION = 1;
				DEVELOPMENT_TEAM = "";
				GENERATE_INFOPLIST_FILE = YES;
				INFOPLIST_FILE = iOSSample/Info.plist;
				INFOPLIST_KEY_UIApplicationSupportsIndirectInputEvents = YES;
				INFOPLIST_KEY_UILaunchStoryboardName = LaunchScreen;
				INFOPLIST_KEY_UIMainStoryboardFile = Main;
				INFOPLIST_KEY_UISupportedInterfaceOrientations_iPad = "UIInterfaceOrientationPortrait UIInterfaceOrientationPortraitUpsideDown UIInterfaceOrientationLandscapeLeft UIInterfaceOrientationLandscapeRight";
				INFOPLIST_KEY_UISupportedInterfaceOrientations_iPhone = "UIInterfaceOrientationPortrait UIInterfaceOrientationLandscapeLeft UIInterfaceOrientationLandscapeRight";
				IPHONEOS_DEPLOYMENT_TARGET = 13.0;
				LD_RUNPATH_SEARCH_PATHS = (
					"$(inherited)",
					"@executable_path/Frameworks",
				);
				MARKETING_VERSION = 1.0;
				PRODUCT_BUNDLE_IDENTIFIER = com.github.RHVoice.iOSSample;
				PRODUCT_NAME = "$(TARGET_NAME)";
				PROVISIONING_PROFILE_SPECIFIER = "";
				SWIFT_EMIT_LOC_STRINGS = YES;
				SWIFT_VERSION = 5.0;
				TARGETED_DEVICE_FAMILY = "1,2";
			};
			name = Release;
		};
/* End XCBuildConfiguration section */

/* Begin XCConfigurationList section */
		01BE5AA62839758B0086E9EF /* Build configuration list for PBXProject "iOSSample" */ = {
			isa = XCConfigurationList;
			buildConfigurations = (
				01BE5ABD2839758B0086E9EF /* Debug */,
				01BE5ABE2839758B0086E9EF /* Release */,
			);
			defaultConfigurationIsVisible = 0;
			defaultConfigurationName = Release;
		};
		01BE5ABF2839758B0086E9EF /* Build configuration list for PBXNativeTarget "iOSSample" */ = {
			isa = XCConfigurationList;
			buildConfigurations = (
				01BE5AC02839758B0086E9EF /* Debug */,
				01BE5AC12839758B0086E9EF /* Release */,
			);
			defaultConfigurationIsVisible = 0;
			defaultConfigurationName = Release;
		};
/* End XCConfigurationList section */
	};
	rootObject = 01BE5AA32839758B0086E9EF /* Project object */;
}
